{
  "name": "mandatory-uxdesign1",
  "version": "1.0.0",
  "lockfileVersion": 1,
  "requires": true,
  "dependencies": {
    "@material/animation": {
      "version": "0.41.0",
      "resolved": "https://registry.npmjs.org/@material/animation/-/animation-0.41.0.tgz",
      "integrity": "sha512-yYAwJbX3Q2AFd4dr6IYOsWLQy2HN8zWOFVl9AbUXunjzTfJCa/ecfXCriaT6qkmoNoHeTdJHRrsQJZC5GsPvzA=="
    },
    "@material/base": {
      "version": "0.41.0",
      "resolved": "https://registry.npmjs.org/@material/base/-/base-0.41.0.tgz",
      "integrity": "sha512-tEyzwBRu3d1H120SfKsDVYZHcqT5lKohh/7cWKR93aAaPDkSvjpKJIjyu2yuSkjpDduVZGzVocYbOvhUKhhzXQ=="
    },
    "@material/floating-label": {
      "version": "0.43.0",
      "resolved": "https://registry.npmjs.org/@material/floating-label/-/floating-label-0.43.0.tgz",
      "integrity": "sha512-Wb76MA3b6kkhgrIzDX8DOdFyzNwDrVEzH3fA6yOhQcOSLHnc358ofcAXgcr7/Db0zBuwhDi176QXBBET49uSgw==",
      "requires": {
        "@material/animation": "^0.41.0",
        "@material/base": "^0.41.0",
        "@material/rtl": "^0.42.0",
        "@material/theme": "^0.43.0",
        "@material/typography": "^0.43.0"
      }
    },
    "@material/line-ripple": {
      "version": "0.43.0",
      "resolved": "https://registry.npmjs.org/@material/line-ripple/-/line-ripple-0.43.0.tgz",
      "integrity": "sha512-sXZYW4Em5uLEnAuVsQCO+sVHsTg7J2TOTJ0+akwZFMmd2tmNicjarQdlGIE9iU7Wjm51NOoLAu6Mz+8kLg90bQ==",
      "requires": {
        "@material/animation": "^0.41.0",
        "@material/base": "^0.41.0",
        "@material/theme": "^0.43.0"
      }
    },
    "@material/notched-outline": {
      "version": "0.43.0",
      "resolved": "https://registry.npmjs.org/@material/notched-outline/-/notched-outline-0.43.0.tgz",
      "integrity": "sha512-C+/vUK9P1oHf/8eoIaKEWSHchRTFqHAExfyqkMrBW6T2zg3mIoGR2pWwX69bUuGkeqv7X7zo6RTtL5bLEStWJA==",
      "requires": {
        "@material/animation": "^0.41.0",
        "@material/base": "^0.41.0",
        "@material/floating-label": "^0.43.0",
        "@material/rtl": "^0.42.0",
        "@material/shape": "^0.43.0",
        "@material/theme": "^0.43.0"
      }
    },
    "@material/ripple": {
      "version": "0.43.0",
      "resolved": "https://registry.npmjs.org/@material/ripple/-/ripple-0.43.0.tgz",
      "integrity": "sha512-5X5xJtE1tM5QYrsvIe5coZNk7nt++vi40CDBVxS2abO+83ky91I5mH/djcm0vcSFmkHM/QOymEQBR3XDjA3XXQ==",
      "requires": {
        "@material/animation": "^0.41.0",
        "@material/base": "^0.41.0",
        "@material/theme": "^0.43.0"
      }
    },
    "@material/rtl": {
      "version": "0.42.0",
      "resolved": "https://registry.npmjs.org/@material/rtl/-/rtl-0.42.0.tgz",
      "integrity": "sha512-VrnrKJzhmspsN8WXHuxxBZ69yM5IwhCUqWr1t1eNfw3ZEvEj7i1g3P31HGowKThIN1dc1Wh4LE14rCISWCtv5w=="
    },
    "@material/shape": {
      "version": "0.43.0",
      "resolved": "https://registry.npmjs.org/@material/shape/-/shape-0.43.0.tgz",
      "integrity": "sha512-KGnoQV4G2OQbMe5Lr5Xbk8XNlO93Qi/juxXtd2wrAfiaPmktD8ug0CwdVDOPBOmj9a0gX3Ofi9XWcoU+tLEVjg=="
    },
    "@material/textfield": {
      "version": "0.43.0",
      "resolved": "https://registry.npmjs.org/@material/textfield/-/textfield-0.43.0.tgz",
      "integrity": "sha512-ij0mSBkD9jGyaBXX6RqEmusgBQX8dGbrDX+7BSLG2NA0NRjIc2SDiivaBytSNFJLTU9ZzaJKgHwLc8a/r4841g==",
      "requires": {
        "@material/animation": "^0.41.0",
        "@material/base": "^0.41.0",
        "@material/floating-label": "^0.43.0",
        "@material/line-ripple": "^0.43.0",
        "@material/notched-outline": "^0.43.0",
        "@material/ripple": "^0.43.0",
        "@material/rtl": "^0.42.0",
        "@material/shape": "^0.43.0",
        "@material/theme": "^0.43.0",
        "@material/typography": "^0.43.0"
      }
    },
    "@material/theme": {
      "version": "0.43.0",
      "resolved": "https://registry.npmjs.org/@material/theme/-/theme-0.43.0.tgz",
      "integrity": "sha512-/zndZL6EihI18v2mYd4O8xvOBAAXmLeHyHVK28LozSAaJ9okQgD25wq5Ktk95oMTmPIC+rH66KcK6371ivNk8g=="
    },
    "@material/typography": {
      "version": "0.43.0",
      "resolved": "https://registry.npmjs.org/@material/typography/-/typography-0.43.0.tgz",
      "integrity": "sha512-WSg8vDoC2rnmOWbhNdDmSoT1jV0QQSw7CFps1DFbnIe57UaUxgWuGdhc+9XlEPctXUFto4FU4DfnRcdW4ydAig=="
    },
    "material-design-icons": {
      "version": "3.0.1",
      "resolved": "https://registry.npmjs.org/material-design-icons/-/material-design-icons-3.0.1.tgz",
      "integrity": "sha1-mnHEh0chjrylHlGmbaaCA4zct78="
    }
  }
}
